
Microsoft Visual Studio Solution File, Format Version 12.00
# Visual Studio 15
VisualStudioVersion = 15.0.26730.12
MinimumVisualStudioVersion = 10.0.40219.1
Project("{FAE04EC0-301F-11D3-BF4B-00C04F79EFBC}") = "mergeSort", "mergeSort\mergeSort.csproj", "{3A8B239A-031E-48FA-AF25-EC14BB6CE7FB}"
EndProject
Global
	GlobalSection(SolutionConfigurationPlatforms) = preSolution
		Debug|Any CPU = Debug|Any CPU
		Release|Any CPU = Release|Any CPU
	EndGlobalSection
	GlobalSection(ProjectConfigurationPlatforms) = postSolution
		{3A8B239A-031E-48FA-AF25-EC14BB6CE7FB}.Debug|Any CPU.ActiveCfg = Debug|Any CPU
		{3A8B239A-031E-48FA-AF25-EC14BB6CE7FB}.Debug|Any CPU.Build.0 = Debug|Any CPU
		{3A8B239A-031E-48FA-AF25-EC14BB6CE7FB}.Release|Any CPU.ActiveCfg = Release|Any CPU
		{3A8B239A-031E-48FA-AF25-EC14BB6CE7FB}.Release|Any CPU.Build.0 = Release|Any CPU
	EndGlobalSection
	GlobalSection(SolutionProperties) = preSolution
		HideSolutionNode = FALSE
	EndGlobalSection
	GlobalSection(ExtensibilityGlobals) = postSolution
		SolutionGuid = {6A3FD7C0-867B-4614-B908-53AB7CA1AE51}
	EndGlobalSection
EndGlobal
